
Microsoft Visual Studio Solution File, Format Version 12.00
# Visual Studio Version 16
VisualStudioVersion = 16.0.31229.75
MinimumVisualStudioVersion = 10.0.40219.1
Project("{FAE04EC0-301F-11D3-BF4B-00C04F79EFBC}") = "Dilemma.Web", "Dilemma.Web\Dilemma.Web.csproj", "{6A9942DD-AAD0-4725-A2BE-782C0B70A91B}"
EndProject
Project("{FAE04EC0-301F-11D3-BF4B-00C04F79EFBC}") = "Dilemma.DAL", "Dilemma.DAL\Dilemma.DAL.csproj", "{E16327FF-5B70-4EFE-B18E-8E6FB95E6A5D}"
EndProject
Project("{FAE04EC0-301F-11D3-BF4B-00C04F79EFBC}") = "Dilemma.Common", "Dilemma.Common\Dilemma.Common.csproj", "{9654402A-A68F-4201-AA3E-82E62C850F37}"
EndProject
Global
	GlobalSection(SolutionConfigurationPlatforms) = preSolution
		Debug|Any CPU = Debug|Any CPU
		Release|Any CPU = Release|Any CPU
	EndGlobalSection
	GlobalSection(ProjectConfigurationPlatforms) = postSolution
		{6A9942DD-AAD0-4725-A2BE-782C0B70A91B}.Debug|Any CPU.ActiveCfg = Debug|Any CPU
		{6A9942DD-AAD0-4725-A2BE-782C0B70A91B}.Debug|Any CPU.Build.0 = Debug|Any CPU
		{6A9942DD-AAD0-4725-A2BE-782C0B70A91B}.Release|Any CPU.ActiveCfg = Release|Any CPU
		{6A9942DD-AAD0-4725-A2BE-782C0B70A91B}.Release|Any CPU.Build.0 = Release|Any CPU
		{E16327FF-5B70-4EFE-B18E-8E6FB95E6A5D}.Debug|Any CPU.ActiveCfg = Debug|Any CPU
		{E16327FF-5B70-4EFE-B18E-8E6FB95E6A5D}.Debug|Any CPU.Build.0 = Debug|Any CPU
		{E16327FF-5B70-4EFE-B18E-8E6FB95E6A5D}.Release|Any CPU.ActiveCfg = Release|Any CPU
		{E16327FF-5B70-4EFE-B18E-8E6FB95E6A5D}.Release|Any CPU.Build.0 = Release|Any CPU
		{9654402A-A68F-4201-AA3E-82E62C850F37}.Debug|Any CPU.ActiveCfg = Debug|Any CPU
		{9654402A-A68F-4201-AA3E-82E62C850F37}.Debug|Any CPU.Build.0 = Debug|Any CPU
		{9654402A-A68F-4201-AA3E-82E62C850F37}.Release|Any CPU.ActiveCfg = Release|Any CPU
		{9654402A-A68F-4201-AA3E-82E62C850F37}.Release|Any CPU.Build.0 = Release|Any CPU
	EndGlobalSection
	GlobalSection(SolutionProperties) = preSolution
		HideSolutionNode = FALSE
	EndGlobalSection
	GlobalSection(ExtensibilityGlobals) = postSolution
		SolutionGuid = {07DCDEA0-D67F-45ED-83FE-AE208B881585}
	EndGlobalSection
EndGlobal
